// !$*UTF8*$!
{
	archiveVersion = 1;
	classes = {
	};
	objectVersion = 50;
	objects = {

/* Begin PBXBuildFile section */
		5844A2A397D3F854EF6FE608 /* Pods_FlixTests.framework in Frameworks */ = {isa = PBXBuildFile; fileRef = CF09A450C46027979B7726BE /* Pods_FlixTests.framework */; };
		B43073FE1B58BE24A0F6EDD4 /* Pods_Flix_FlixUITests.framework in Frameworks */ = {isa = PBXBuildFile; fileRef = 30B2823C299E345426E41DD8 /* Pods_Flix_FlixUITests.framework */; };
		C64FB43B78415AD500FA2C89 /* Pods_Flix.framework in Frameworks */ = {isa = PBXBuildFile; fileRef = 04678BC024B9E9903FF4ED41 /* Pods_Flix.framework */; };
		CB042D98251C11860028EC8B /* MovieCell.swift in Sources */ = {isa = PBXBuildFile; fileRef = CB042D97251C11860028EC8B /* MovieCell.swift */; };
		CBFFC04B251AC0CD00E2CA30 /* AppDelegate.swift in Sources */ = {isa = PBXBuildFile; fileRef = CBFFC04A251AC0CD00E2CA30 /* AppDelegate.swift */; };
		CBFFC04D251AC0CD00E2CA30 /* SceneDelegate.swift in Sources */ = {isa = PBXBuildFile; fileRef = CBFFC04C251AC0CD00E2CA30 /* SceneDelegate.swift */; };
		CBFFC052251AC0CD00E2CA30 /* Main.storyboard in Resources */ = {isa = PBXBuildFile; fileRef = CBFFC050251AC0CD00E2CA30 /* Main.storyboard */; };
		CBFFC054251AC0D000E2CA30 /* Assets.xcassets in Resources */ = {isa = PBXBuildFile; fileRef = CBFFC053251AC0D000E2CA30 /* Assets.xcassets */; };
		CBFFC057251AC0D000E2CA30 /* LaunchScreen.storyboard in Resources */ = {isa = PBXBuildFile; fileRef = CBFFC055251AC0D000E2CA30 /* LaunchScreen.storyboard */; };
		CBFFC062251AC0D100E2CA30 /* FlixTests.swift in Sources */ = {isa = PBXBuildFile; fileRef = CBFFC061251AC0D100E2CA30 /* FlixTests.swift */; };
		CBFFC06D251AC0D100E2CA30 /* FlixUITests.swift in Sources */ = {isa = PBXBuildFile; fileRef = CBFFC06C251AC0D100E2CA30 /* FlixUITests.swift */; };
		CBFFC081251AC18D00E2CA30 /* MoviesViewController.swift in Sources */ = {isa = PBXBuildFile; fileRef = CBFFC080251AC18D00E2CA30 /* MoviesViewController.swift */; };
/* End PBXBuildFile section */

/* Begin PBXContainerItemProxy section */
		CBFFC05E251AC0D100E2CA30 /* PBXContainerItemProxy */ = {
			isa = PBXContainerItemProxy;
			containerPortal = CBFFC03F251AC0CD00E2CA30 /* Project object */;
			proxyType = 1;
			remoteGlobalIDString = CBFFC046251AC0CD00E2CA30;
			remoteInfo = Flix;
		};
		CBFFC069251AC0D100E2CA30 /* PBXContainerItemProxy */ = {
			isa = PBXContainerItemProxy;
			containerPortal = CBFFC03F251AC0CD00E2CA30 /* Project object */;
			proxyType = 1;
			remoteGlobalIDString = CBFFC046251AC0CD00E2CA30;
			remoteInfo = Flix;
		};
/* End PBXContainerItemProxy section */

/* Begin PBXFileReference section */
		04678BC024B9E9903FF4ED41 /* Pods_Flix.framework */ = {isa = PBXFileReference; explicitFileType = wrapper.framework; includeInIndex = 0; path = Pods_Flix.framework; sourceTree = BUILT_PRODUCTS_DIR; };
		146CBF29CAC29F111682CE17 /* Pods-Flix-FlixUITests.debug.xcconfig */ = {isa = PBXFileReference; includeInIndex = 1; lastKnownFileType = text.xcconfig; name = "Pods-Flix-FlixUITests.debug.xcconfig"; path = "Target Support Files/Pods-Flix-FlixUITests/Pods-Flix-FlixUITests.debug.xcconfig"; sourceTree = "<group>"; };
		1EEAA22C1FB4A64D7B9CFA3E /* Pods-FlixTests.release.xcconfig */ = {isa = PBXFileReference; includeInIndex = 1; lastKnownFileType = text.xcconfig; name = "Pods-FlixTests.release.xcconfig"; path = "Target Support Files/Pods-FlixTests/Pods-FlixTests.release.xcconfig"; sourceTree = "<group>"; };
		30B2823C299E345426E41DD8 /* Pods_Flix_FlixUITests.framework */ = {isa = PBXFileReference; explicitFileType = wrapper.framework; includeInIndex = 0; path = Pods_Flix_FlixUITests.framework; sourceTree = BUILT_PRODUCTS_DIR; };
		60AD8013964C502AD0A56F55 /* Pods-Flix.release.xcconfig */ = {isa = PBXFileReference; includeInIndex = 1; lastKnownFileType = text.xcconfig; name = "Pods-Flix.release.xcconfig"; path = "Target Support Files/Pods-Flix/Pods-Flix.release.xcconfig"; sourceTree = "<group>"; };
		7ACA7DADCF546D32E8A64B20 /* Pods-Flix-FlixUITests.release.xcconfig */ = {isa = PBXFileReference; includeInIndex = 1; lastKnownFileType = text.xcconfig; name = "Pods-Flix-FlixUITests.release.xcconfig"; path = "Target Support Files/Pods-Flix-FlixUITests/Pods-Flix-FlixUITests.release.xcconfig"; sourceTree = "<group>"; };
		876DECFB2748EC9496C52E60 /* Pods-FlixTests.debug.xcconfig */ = {isa = PBXFileReference; includeInIndex = 1; lastKnownFileType = text.xcconfig; name = "Pods-FlixTests.debug.xcconfig"; path = "Target Support Files/Pods-FlixTests/Pods-FlixTests.debug.xcconfig"; sourceTree = "<group>"; };
		C2D9768E9AA8696DF89F17E4 /* Pods-Flix.debug.xcconfig */ = {isa = PBXFileReference; includeInIndex = 1; lastKnownFileType = text.xcconfig; name = "Pods-Flix.debug.xcconfig"; path = "Target Support Files/Pods-Flix/Pods-Flix.debug.xcconfig"; sourceTree = "<group>"; };
		CB042D97251C11860028EC8B /* MovieCell.swift */ = {isa = PBXFileReference; lastKnownFileType = sourcecode.swift; path = MovieCell.swift; sourceTree = "<group>"; };
		CBFFC047251AC0CD00E2CA30 /* Flix.app */ = {isa = PBXFileReference; explicitFileType = wrapper.application; includeInIndex = 0; path = Flix.app; sourceTree = BUILT_PRODUCTS_DIR; };
		CBFFC04A251AC0CD00E2CA30 /* AppDelegate.swift */ = {isa = PBXFileReference; lastKnownFileType = sourcecode.swift; path = AppDelegate.swift; sourceTree = "<group>"; };
		CBFFC04C251AC0CD00E2CA30 /* SceneDelegate.swift */ = {isa = PBXFileReference; lastKnownFileType = sourcecode.swift; path = SceneDelegate.swift; sourceTree = "<group>"; };
		CBFFC051251AC0CD00E2CA30 /* Base */ = {isa = PBXFileReference; lastKnownFileType = file.storyboard; name = Base; path = Base.lproj/Main.storyboard; sourceTree = "<group>"; };
		CBFFC053251AC0D000E2CA30 /* Assets.xcassets */ = {isa = PBXFileReference; lastKnownFileType = folder.assetcatalog; path = Assets.xcassets; sourceTree = "<group>"; };
		CBFFC056251AC0D000E2CA30 /* Base */ = {isa = PBXFileReference; lastKnownFileType = file.storyboard; name = Base; path = Base.lproj/LaunchScreen.storyboard; sourceTree = "<group>"; };
		CBFFC058251AC0D000E2CA30 /* Info.plist */ = {isa = PBXFileReference; lastKnownFileType = text.plist.xml; path = Info.plist; sourceTree = "<group>"; };
		CBFFC05D251AC0D100E2CA30 /* FlixTests.xctest */ = {isa = PBXFileReference; explicitFileType = wrapper.cfbundle; includeInIndex = 0; path = FlixTests.xctest; sourceTree = BUILT_PRODUCTS_DIR; };
		CBFFC061251AC0D100E2CA30 /* FlixTests.swift */ = {isa = PBXFileReference; lastKnownFileType = sourcecode.swift; path = FlixTests.swift; sourceTree = "<group>"; };
		CBFFC063251AC0D100E2CA30 /* Info.plist */ = {isa = PBXFileReference; lastKnownFileType = text.plist.xml; path = Info.plist; sourceTree = "<group>"; };
		CBFFC068251AC0D100E2CA30 /* FlixUITests.xctest */ = {isa = PBXFileReference; explicitFileType = wrapper.cfbundle; includeInIndex = 0; path = FlixUITests.xctest; sourceTree = BUILT_PRODUCTS_DIR; };
		CBFFC06C251AC0D100E2CA30 /* FlixUITests.swift */ = {isa = PBXFileReference; lastKnownFileType = sourcecode.swift; path = FlixUITests.swift; sourceTree = "<group>"; };
		CBFFC06E251AC0D100E2CA30 /* Info.plist */ = {isa = PBXFileReference; lastKnownFileType = text.plist.xml; path = Info.plist; sourceTree = "<group>"; };
		CBFFC080251AC18D00E2CA30 /* MoviesViewController.swift */ = {isa = PBXFileReference; lastKnownFileType = sourcecode.swift; path = MoviesViewController.swift; sourceTree = "<group>"; };
		CF09A450C46027979B7726BE /* Pods_FlixTests.framework */ = {isa = PBXFileReference; explicitFileType = wrapper.framework; includeInIndex = 0; path = Pods_FlixTests.framework; sourceTree = BUILT_PRODUCTS_DIR; };
/* End PBXFileReference section */

/* Begin PBXFrameworksBuildPhase section */
		CBFFC044251AC0CD00E2CA30 /* Frameworks */ = {
			isa = PBXFrameworksBuildPhase;
			buildActionMask = 2147483647;
			files = (
				C64FB43B78415AD500FA2C89 /* Pods_Flix.framework in Frameworks */,
			);
			runOnlyForDeploymentPostprocessing = 0;
		};
		CBFFC05A251AC0D100E2CA30 /* Frameworks */ = {
			isa = PBXFrameworksBuildPhase;
			buildActionMask = 2147483647;
			files = (
				5844A2A397D3F854EF6FE608 /* Pods_FlixTests.framework in Frameworks */,
			);
			runOnlyForDeploymentPostprocessing = 0;
		};
		CBFFC065251AC0D100E2CA30 /* Frameworks */ = {
			isa = PBXFrameworksBuildPhase;
			buildActionMask = 2147483647;
			files = (
				B43073FE1B58BE24A0F6EDD4 /* Pods_Flix_FlixUITests.framework in Frameworks */,
			);
			runOnlyForDeploymentPostprocessing = 0;
		};
/* End PBXFrameworksBuildPhase section */

/* Begin PBXGroup section */
		209CD2F0ED0C858481FE60C7 /* Pods */ = {
			isa = PBXGroup;
			children = (
				C2D9768E9AA8696DF89F17E4 /* Pods-Flix.debug.xcconfig */,
				60AD8013964C502AD0A56F55 /* Pods-Flix.release.xcconfig */,
				146CBF29CAC29F111682CE17 /* Pods-Flix-FlixUITests.debug.xcconfig */,
				7ACA7DADCF546D32E8A64B20 /* Pods-Flix-FlixUITests.release.xcconfig */,
				876DECFB2748EC9496C52E60 /* Pods-FlixTests.debug.xcconfig */,
				1EEAA22C1FB4A64D7B9CFA3E /* Pods-FlixTests.release.xcconfig */,
			);
			name = Pods;
			path = Pods;
			sourceTree = "<group>";
		};
		A5D1A64FFE5077D0FEFF4F20 /* Frameworks */ = {
			isa = PBXGroup;
			children = (
				04678BC024B9E9903FF4ED41 /* Pods_Flix.framework */,
				30B2823C299E345426E41DD8 /* Pods_Flix_FlixUITests.framework */,
				CF09A450C46027979B7726BE /* Pods_FlixTests.framework */,
			);
			name = Frameworks;
			sourceTree = "<group>";
		};
		CBFFC03E251AC0CD00E2CA30 = {
			isa = PBXGroup;
			children = (
				CBFFC049251AC0CD00E2CA30 /* Flix */,
				CBFFC060251AC0D100E2CA30 /* FlixTests */,
				CBFFC06B251AC0D100E2CA30 /* FlixUITests */,
				CBFFC048251AC0CD00E2CA30 /* Products */,
				209CD2F0ED0C858481FE60C7 /* Pods */,
				A5D1A64FFE5077D0FEFF4F20 /* Frameworks */,
			);
			sourceTree = "<group>";
		};
		CBFFC048251AC0CD00E2CA30 /* Products */ = {
			isa = PBXGroup;
			children = (
				CBFFC047251AC0CD00E2CA30 /* Flix.app */,
				CBFFC05D251AC0D100E2CA30 /* FlixTests.xctest */,
				CBFFC068251AC0D100E2CA30 /* FlixUITests.xctest */,
			);
			name = Products;
			sourceTree = "<group>";
		};
		CBFFC049251AC0CD00E2CA30 /* Flix */ = {
			isa = PBXGroup;
			children = (
				CBFFC04A251AC0CD00E2CA30 /* AppDelegate.swift */,
				CBFFC04C251AC0CD00E2CA30 /* SceneDelegate.swift */,
				CBFFC080251AC18D00E2CA30 /* MoviesViewController.swift */,
				CBFFC050251AC0CD00E2CA30 /* Main.storyboard */,
				CB042D97251C11860028EC8B /* MovieCell.swift */,
				CBFFC053251AC0D000E2CA30 /* Assets.xcassets */,
				CBFFC055251AC0D000E2CA30 /* LaunchScreen.storyboard */,
				CBFFC058251AC0D000E2CA30 /* Info.plist */,
			);
			path = Flix;
			sourceTree = "<group>";
		};
		CBFFC060251AC0D100E2CA30 /* FlixTests */ = {
			isa = PBXGroup;
			children = (
				CBFFC061251AC0D100E2CA30 /* FlixTests.swift */,
				CBFFC063251AC0D100E2CA30 /* Info.plist */,
			);
			path = FlixTests;
			sourceTree = "<group>";
		};
		CBFFC06B251AC0D100E2CA30 /* FlixUITests */ = {
			isa = PBXGroup;
			children = (
				CBFFC06C251AC0D100E2CA30 /* FlixUITests.swift */,
				CBFFC06E251AC0D100E2CA30 /* Info.plist */,
			);
			path = FlixUITests;
			sourceTree = "<group>";
		};
/* End PBXGroup section */

/* Begin PBXNativeTarget section */
		CBFFC046251AC0CD00E2CA30 /* Flix */ = {
			isa = PBXNativeTarget;
			buildConfigurationList = CBFFC071251AC0D100E2CA30 /* Build configuration list for PBXNativeTarget "Flix" */;
			buildPhases = (
				68EF546F67D6CA84BF059E38 /* [CP] Check Pods Manifest.lock */,
				CBFFC043251AC0CD00E2CA30 /* Sources */,
				CBFFC044251AC0CD00E2CA30 /* Frameworks */,
				CBFFC045251AC0CD00E2CA30 /* Resources */,
				EBE4C6C460B480A8A9B8B6C4 /* [CP] Embed Pods Frameworks */,
			);
			buildRules = (
			);
			dependencies = (
			);
			name = Flix;
			productName = Flix;
			productReference = CBFFC047251AC0CD00E2CA30 /* Flix.app */;
			productType = "com.apple.product-type.application";
		};
		CBFFC05C251AC0D100E2CA30 /* FlixTests */ = {
			isa = PBXNativeTarget;
			buildConfigurationList = CBFFC074251AC0D100E2CA30 /* Build configuration list for PBXNativeTarget "FlixTests" */;
			buildPhases = (
				4FE43674B392167D23271239 /* [CP] Check Pods Manifest.lock */,
				CBFFC059251AC0D100E2CA30 /* Sources */,
				CBFFC05A251AC0D100E2CA30 /* Frameworks */,
				CBFFC05B251AC0D100E2CA30 /* Resources */,
			);
			buildRules = (
			);
			dependencies = (
				CBFFC05F251AC0D100E2CA30 /* PBXTargetDependency */,
			);
			name = FlixTests;
			productName = FlixTests;
			productReference = CBFFC05D251AC0D100E2CA30 /* FlixTests.xctest */;
			productType = "com.apple.product-type.bundle.unit-test";
		};
		CBFFC067251AC0D100E2CA30 /* FlixUITests */ = {
			isa = PBXNativeTarget;
			buildConfigurationList = CBFFC077251AC0D100E2CA30 /* Build configuration list for PBXNativeTarget "FlixUITests" */;
			buildPhases = (
				36D8334420C985EA3C84B21C /* [CP] Check Pods Manifest.lock */,
				CBFFC064251AC0D100E2CA30 /* Sources */,
				CBFFC065251AC0D100E2CA30 /* Frameworks */,
				CBFFC066251AC0D100E2CA30 /* Resources */,
				A67D60B4C9A64D6F4C285858 /* [CP] Embed Pods Frameworks */,
			);
			buildRules = (
			);
			dependencies = (
				CBFFC06A251AC0D100E2CA30 /* PBXTargetDependency */,
			);
			name = FlixUITests;
			productName = FlixUITests;
			productReference = CBFFC068251AC0D100E2CA30 /* FlixUITests.xctest */;
			productType = "com.apple.product-type.bundle.ui-testing";
		};
/* End PBXNativeTarget section */

/* Begin PBXProject section */
		CBFFC03F251AC0CD00E2CA30 /* Project object */ = {
			isa = PBXProject;
			attributes = {
				LastSwiftUpdateCheck = 1200;
				LastUpgradeCheck = 1200;
				TargetAttributes = {
					CBFFC046251AC0CD00E2CA30 = {
						CreatedOnToolsVersion = 12.0;
					};
					CBFFC05C251AC0D100E2CA30 = {
						CreatedOnToolsVersion = 12.0;
						TestTargetID = CBFFC046251AC0CD00E2CA30;
					};
					CBFFC067251AC0D100E2CA30 = {
						CreatedOnToolsVersion = 12.0;
						TestTargetID = CBFFC046251AC0CD00E2CA30;
					};
				};
			};
			buildConfigurationList = CBFFC042251AC0CD00E2CA30 /* Build configuration list for PBXProject "Flix" */;
			compatibilityVersion = "Xcode 9.3";
			developmentRegion = en;
			hasScannedForEncodings = 0;
			knownRegions = (
				en,
				Base,
			);
			mainGroup = CBFFC03E251AC0CD00E2CA30;
			productRefGroup = CBFFC048251AC0CD00E2CA30 /* Products */;
			projectDirPath = "";
			projectRoot = "";
			targets = (
				CBFFC046251AC0CD00E2CA30 /* Flix */,
				CBFFC05C251AC0D100E2CA30 /* FlixTests */,
				CBFFC067251AC0D100E2CA30 /* FlixUITests */,
			);
		};
/* End PBXProject section */

/* Begin PBXResourcesBuildPhase section */
		CBFFC045251AC0CD00E2CA30 /* Resources */ = {
			isa = PBXResourcesBuildPhase;
			buildActionMask = 2147483647;
			files = (
				CBFFC057251AC0D000E2CA30 /* LaunchScreen.storyboard in Resources */,
				CBFFC054251AC0D000E2CA30 /* Assets.xcassets in Resources */,
				CBFFC052251AC0CD00E2CA30 /* Main.storyboard in Resources */,
			);
			runOnlyForDeploymentPostprocessing = 0;
		};
		CBFFC05B251AC0D100E2CA30 /* Resources */ = {
			isa = PBXResourcesBuildPhase;
			buildActionMask = 2147483647;
			files = (
			);
			runOnlyForDeploymentPostprocessing = 0;
		};
		CBFFC066251AC0D100E2CA30 /* Resources */ = {
			isa = PBXResourcesBuildPhase;
			buildActionMask = 2147483647;
			files = (
			);
			runOnlyForDeploymentPostprocessing = 0;
		};
/* End PBXResourcesBuildPhase section */

/* Begin PBXShellScriptBuildPhase section */
		36D8334420C985EA3C84B21C /* [CP] Check Pods Manifest.lock */ = {
			isa = PBXShellScriptBuildPhase;
			buildActionMask = 2147483647;
			files = (
			);
			inputFileListPaths = (
			);
			inputPaths = (
				"${PODS_PODFILE_DIR_PATH}/Podfile.lock",
				"${PODS_ROOT}/Manifest.lock",
			);
			name = "[CP] Check Pods Manifest.lock";
			outputFileListPaths = (
			);
			outputPaths = (
				"$(DERIVED_FILE_DIR)/Pods-Flix-FlixUITests-checkManifestLockResult.txt",
			);
			runOnlyForDeploymentPostprocessing = 0;
			shellPath = /bin/sh;
			shellScript = "diff \"${PODS_PODFILE_DIR_PATH}/Podfile.lock\" \"${PODS_ROOT}/Manifest.lock\" > /dev/null\nif [ $? != 0 ] ; then\n    # print error to STDERR\n    echo \"error: The sandbox is not in sync with the Podfile.lock. Run 'pod install' or update your CocoaPods installation.\" >&2\n    exit 1\nfi\n# This output is used by Xcode 'outputs' to avoid re-running this script phase.\necho \"SUCCESS\" > \"${SCRIPT_OUTPUT_FILE_0}\"\n";
			showEnvVarsInLog = 0;
		};
		4FE43674B392167D23271239 /* [CP] Check Pods Manifest.lock */ = {
			isa = PBXShellScriptBuildPhase;
			buildActionMask = 2147483647;
			files = (
			);
			inputFileListPaths = (
			);
			inputPaths = (
				"${PODS_PODFILE_DIR_PATH}/Podfile.lock",
				"${PODS_ROOT}/Manifest.lock",
			);
			name = "[CP] Check Pods Manifest.lock";
			outputFileListPaths = (
			);
			outputPaths = (
				"$(DERIVED_FILE_DIR)/Pods-FlixTests-checkManifestLockResult.txt",
			);
			runOnlyForDeploymentPostprocessing = 0;
			shellPath = /bin/sh;
			shellScript = "diff \"${PODS_PODFILE_DIR_PATH}/Podfile.lock\" \"${PODS_ROOT}/Manifest.lock\" > /dev/null\nif [ $? != 0 ] ; then\n    # print error to STDERR\n    echo \"error: The sandbox is not in sync with the Podfile.lock. Run 'pod install' or update your CocoaPods installation.\" >&2\n    exit 1\nfi\n# This output is used by Xcode 'outputs' to avoid re-running this script phase.\necho \"SUCCESS\" > \"${SCRIPT_OUTPUT_FILE_0}\"\n";
			showEnvVarsInLog = 0;
		};
		68EF546F67D6CA84BF059E38 /* [CP] Check Pods Manifest.lock */ = {
			isa = PBXShellScriptBuildPhase;
			buildActionMask = 2147483647;
			files = (
			);
			inputFileListPaths = (
			);
			inputPaths = (
				"${PODS_PODFILE_DIR_PATH}/Podfile.lock",
				"${PODS_ROOT}/Manifest.lock",
			);
			name = "[CP] Check Pods Manifest.lock";
			outputFileListPaths = (
			);
			outputPaths = (
				"$(DERIVED_FILE_DIR)/Pods-Flix-checkManifestLockResult.txt",
			);
			runOnlyForDeploymentPostprocessing = 0;
			shellPath = /bin/sh;
			shellScript = "diff \"${PODS_PODFILE_DIR_PATH}/Podfile.lock\" \"${PODS_ROOT}/Manifest.lock\" > /dev/null\nif [ $? != 0 ] ; then\n    # print error to STDERR\n    echo \"error: The sandbox is not in sync with the Podfile.lock. Run 'pod install' or update your CocoaPods installation.\" >&2\n    exit 1\nfi\n# This output is used by Xcode 'outputs' to avoid re-running this script phase.\necho \"SUCCESS\" > \"${SCRIPT_OUTPUT_FILE_0}\"\n";
			showEnvVarsInLog = 0;
		};
		A67D60B4C9A64D6F4C285858 /* [CP] Embed Pods Frameworks */ = {
			isa = PBXShellScriptBuildPhase;
			buildActionMask = 2147483647;
			files = (
			);
			inputFileListPaths = (
				"${PODS_ROOT}/Target Support Files/Pods-Flix-FlixUITests/Pods-Flix-FlixUITests-frameworks-${CONFIGURATION}-input-files.xcfilelist",
			);
			name = "[CP] Embed Pods Frameworks";
			outputFileListPaths = (
				"${PODS_ROOT}/Target Support Files/Pods-Flix-FlixUITests/Pods-Flix-FlixUITests-frameworks-${CONFIGURATION}-output-files.xcfilelist",
			);
			runOnlyForDeploymentPostprocessing = 0;
			shellPath = /bin/sh;
			shellScript = "\"${PODS_ROOT}/Target Support Files/Pods-Flix-FlixUITests/Pods-Flix-FlixUITests-frameworks.sh\"\n";
			showEnvVarsInLog = 0;
		};
		EBE4C6C460B480A8A9B8B6C4 /* [CP] Embed Pods Frameworks */ = {
			isa = PBXShellScriptBuildPhase;
			buildActionMask = 2147483647;
			files = (
			);
			inputFileListPaths = (
				"${PODS_ROOT}/Target Support Files/Pods-Flix/Pods-Flix-frameworks-${CONFIGURATION}-input-files.xcfilelist",
			);
			name = "[CP] Embed Pods Frameworks";
			outputFileListPaths = (
				"${PODS_ROOT}/Target Support Files/Pods-Flix/Pods-Flix-frameworks-${CONFIGURATION}-output-files.xcfilelist",
			);
			runOnlyForDeploymentPostprocessing = 0;
			shellPath = /bin/sh;
			shellScript = "\"${PODS_ROOT}/Target Support Files/Pods-Flix/Pods-Flix-frameworks.sh\"\n";
			showEnvVarsInLog = 0;
		};
/* End PBXShellScriptBuildPhase section */

/* Begin PBXSourcesBuildPhase section */
		CBFFC043251AC0CD00E2CA30 /* Sources */ = {
			isa = PBXSourcesBuildPhase;
			buildActionMask = 2147483647;
			files = (
				CBFFC04B251AC0CD00E2CA30 /* AppDelegate.swift in Sources */,
				CBFFC04D251AC0CD00E2CA30 /* SceneDelegate.swift in Sources */,
				CB042D98251C11860028EC8B /* MovieCell.swift in Sources */,
				CBFFC081251AC18D00E2CA30 /* MoviesViewController.swift in Sources */,
			);
			runOnlyForDeploymentPostprocessing = 0;
		};
		CBFFC059251AC0D100E2CA30 /* Sources */ = {
			isa = PBXSourcesBuildPhase;
			buildActionMask = 2147483647;
			files = (
				CBFFC062251AC0D100E2CA30 /* FlixTests.swift in Sources */,
			);
			runOnlyForDeploymentPostprocessing = 0;
		};
		CBFFC064251AC0D100E2CA30 /* Sources */ = {
			isa = PBXSourcesBuildPhase;
			buildActionMask = 2147483647;
			files = (
				CBFFC06D251AC0D100E2CA30 /* FlixUITests.swift in Sources */,
			);
			runOnlyForDeploymentPostprocessing = 0;
		};
/* End PBXSourcesBuildPhase section */

/* Begin PBXTargetDependency section */
		CBFFC05F251AC0D100E2CA30 /* PBXTargetDependency */ = {
			isa = PBXTargetDependency;
			target = CBFFC046251AC0CD00E2CA30 /* Flix */;
			targetProxy = CBFFC05E251AC0D100E2CA30 /* PBXContainerItemProxy */;
		};
		CBFFC06A251AC0D100E2CA30 /* PBXTargetDependency */ = {
			isa = PBXTargetDependency;
			target = CBFFC046251AC0CD00E2CA30 /* Flix */;
			targetProxy = CBFFC069251AC0D100E2CA30 /* PBXContainerItemProxy */;
		};
/* End PBXTargetDependency section */

/* Begin PBXVariantGroup section */
		CBFFC050251AC0CD00E2CA30 /* Main.storyboard */ = {
			isa = PBXVariantGroup;
			children = (
				CBFFC051251AC0CD00E2CA30 /* Base */,
			);
			name = Main.storyboard;
			sourceTree = "<group>";
		};
		CBFFC055251AC0D000E2CA30 /* LaunchScreen.storyboard */ = {
			isa = PBXVariantGroup;
			children = (
				CBFFC056251AC0D000E2CA30 /* Base */,
			);
			name = LaunchScreen.storyboard;
			sourceTree = "<group>";
		};
/* End PBXVariantGroup section */

/* Begin XCBuildConfiguration section */
		CBFFC06F251AC0D100E2CA30 /* Debug */ = {
			isa = XCBuildConfiguration;
			buildSettings = {
				ALWAYS_SEARCH_USER_PATHS = NO;
				CLANG_ANALYZER_NONNULL = YES;
				CLANG_ANALYZER_NUMBER_OBJECT_CONVERSION = YES_AGGRESSIVE;
				CLANG_CXX_LANGUAGE_STANDARD = "gnu++14";
				CLANG_CXX_LIBRARY = "libc++";
				CLANG_ENABLE_MODULES = YES;
				CLANG_ENABLE_OBJC_ARC = YES;
				CLANG_ENABLE_OBJC_WEAK = YES;
				CLANG_WARN_BLOCK_CAPTURE_AUTORELEASING = YES;
				CLANG_WARN_BOOL_CONVERSION = YES;
				CLANG_WARN_COMMA = YES;
				CLANG_WARN_CONSTANT_CONVERSION = YES;
				CLANG_WARN_DEPRECATED_OBJC_IMPLEMENTATIONS = YES;
				CLANG_WARN_DIRECT_OBJC_ISA_USAGE = YES_ERROR;
				CLANG_WARN_DOCUMENTATION_COMMENTS = YES;
				CLANG_WARN_EMPTY_BODY = YES;
				CLANG_WARN_ENUM_CONVERSION = YES;
				CLANG_WARN_INFINITE_RECURSION = YES;
				CLANG_WARN_INT_CONVERSION = YES;
				CLANG_WARN_NON_LITERAL_NULL_CONVERSION = YES;
				CLANG_WARN_OBJC_IMPLICIT_RETAIN_SELF = YES;
				CLANG_WARN_OBJC_LITERAL_CONVERSION = YES;
				CLANG_WARN_OBJC_ROOT_CLASS = YES_ERROR;
				CLANG_WARN_QUOTED_INCLUDE_IN_FRAMEWORK_HEADER = YES;
				CLANG_WARN_RANGE_LOOP_ANALYSIS = YES;
				CLANG_WARN_STRICT_PROTOTYPES = YES;
				CLANG_WARN_SUSPICIOUS_MOVE = YES;
				CLANG_WARN_UNGUARDED_AVAILABILITY = YES_AGGRESSIVE;
				CLANG_WARN_UNREACHABLE_CODE = YES;
				CLANG_WARN__DUPLICATE_METHOD_MATCH = YES;
				COPY_PHASE_STRIP = NO;
				DEBUG_INFORMATION_FORMAT = dwarf;
				ENABLE_STRICT_OBJC_MSGSEND = YES;
				ENABLE_TESTABILITY = YES;
				GCC_C_LANGUAGE_STANDARD = gnu11;
				GCC_DYNAMIC_NO_PIC = NO;
				GCC_NO_COMMON_BLOCKS = YES;
				GCC_OPTIMIZATION_LEVEL = 0;
				GCC_PREPROCESSOR_DEFINITIONS = (
					"DEBUG=1",
					"$(inherited)",
				);
				GCC_WARN_64_TO_32_BIT_CONVERSION = YES;
				GCC_WARN_ABOUT_RETURN_TYPE = YES_ERROR;
				GCC_WARN_UNDECLARED_SELECTOR = YES;
				GCC_WARN_UNINITIALIZED_AUTOS = YES_AGGRESSIVE;
				GCC_WARN_UNUSED_FUNCTION = YES;
				GCC_WARN_UNUSED_VARIABLE = YES;
				IPHONEOS_DEPLOYMENT_TARGET = 14.0;
				MTL_ENABLE_DEBUG_INFO = INCLUDE_SOURCE;
				MTL_FAST_MATH = YES;
				ONLY_ACTIVE_ARCH = YES;
				SDKROOT = iphoneos;
				SWIFT_ACTIVE_COMPILATION_CONDITIONS = DEBUG;
				SWIFT_OPTIMIZATION_LEVEL = "-Onone";
			};
			name = Debug;
		};
		CBFFC070251AC0D100E2CA30 /* Release */ = {
			isa = XCBuildConfiguration;
			buildSettings = {
				ALWAYS_SEARCH_USER_PATHS = NO;
				CLANG_ANALYZER_NONNULL = YES;
				CLANG_ANALYZER_NUMBER_OBJECT_CONVERSION = YES_AGGRESSIVE;
				CLANG_CXX_LANGUAGE_STANDARD = "gnu++14";
				CLANG_CXX_LIBRARY = "libc++";
				CLANG_ENABLE_MODULES = YES;
				CLANG_ENABLE_OBJC_ARC = YES;
				CLANG_ENABLE_OBJC_WEAK = YES;
				CLANG_WARN_BLOCK_CAPTURE_AUTORELEASING = YES;
				CLANG_WARN_BOOL_CONVERSION = YES;
				CLANG_WARN_COMMA = YES;
				CLANG_WARN_CONSTANT_CONVERSION = YES;
				CLANG_WARN_DEPRECATED_OBJC_IMPLEMENTATIONS = YES;
				CLANG_WARN_DIRECT_OBJC_ISA_USAGE = YES_ERROR;
				CLANG_WARN_DOCUMENTATION_COMMENTS = YES;
				CLANG_WARN_EMPTY_BODY = YES;
				CLANG_WARN_ENUM_CONVERSION = YES;
				CLANG_WARN_INFINITE_RECURSION = YES;
				CLANG_WARN_INT_CONVERSION = YES;
				CLANG_WARN_NON_LITERAL_NULL_CONVERSION = YES;
				CLANG_WARN_OBJC_IMPLICIT_RETAIN_SELF = YES;
				CLANG_WARN_OBJC_LITERAL_CONVERSION = YES;
				CLANG_WARN_OBJC_ROOT_CLASS = YES_ERROR;
				CLANG_WARN_QUOTED_INCLUDE_IN_FRAMEWORK_HEADER = YES;
				CLANG_WARN_RANGE_LOOP_ANALYSIS = YES;
				CLANG_WARN_STRICT_PROTOTYPES = YES;
				CLANG_WARN_SUSPICIOUS_MOVE = YES;
				CLANG_WARN_UNGUARDED_AVAILABILITY = YES_AGGRESSIVE;
				CLANG_WARN_UNREACHABLE_CODE = YES;
				CLANG_WARN__DUPLICATE_METHOD_MATCH = YES;
				COPY_PHASE_STRIP = NO;
				DEBUG_INFORMATION_FORMAT = "dwarf-with-dsym";
				ENABLE_NS_ASSERTIONS = NO;
				ENABLE_STRICT_OBJC_MSGSEND = YES;
				GCC_C_LANGUAGE_STANDARD = gnu11;
				GCC_NO_COMMON_BLOCKS = YES;
				GCC_WARN_64_TO_32_BIT_CONVERSION = YES;
				GCC_WARN_ABOUT_RETURN_TYPE = YES_ERROR;
				GCC_WARN_UNDECLARED_SELECTOR = YES;
				GCC_WARN_UNINITIALIZED_AUTOS = YES_AGGRESSIVE;
				GCC_WARN_UNUSED_FUNCTION = YES;
				GCC_WARN_UNUSED_VARIABLE = YES;
				IPHONEOS_DEPLOYMENT_TARGET = 14.0;
				MTL_ENABLE_DEBUG_INFO = NO;
				MTL_FAST_MATH = YES;
				SDKROOT = iphoneos;
				SWIFT_COMPILATION_MODE = wholemodule;
				SWIFT_OPTIMIZATION_LEVEL = "-O";
				VALIDATE_PRODUCT = YES;
			};
			name = Release;
		};
		CBFFC072251AC0D100E2CA30 /* Debug */ = {
			isa = XCBuildConfiguration;
			baseConfigurationReference = C2D9768E9AA8696DF89F17E4 /* Pods-Flix.debug.xcconfig */;
			buildSettings = {
				ASSETCATALOG_COMPILER_APPICON_NAME = AppIcon;
				ASSETCATALOG_COMPILER_GLOBAL_ACCENT_COLOR_NAME = AccentColor;
				CODE_SIGN_STYLE = Automatic;
				DEVELOPMENT_TEAM = 7PM79QRNK8;
				INFOPLIST_FILE = Flix/Info.plist;
				LD_RUNPATH_SEARCH_PATHS = (
					"$(inherited)",
					"@executable_path/Frameworks",
				);
				PRODUCT_BUNDLE_IDENTIFIER = "garcj041-icloud.com.Flix";
				PRODUCT_NAME = "$(TARGET_NAME)";
				SWIFT_VERSION = 5.0;
				TARGETED_DEVICE_FAMILY = "1,2";
			};
			name = Debug;
		};
		CBFFC073251AC0D100E2CA30 /* Release */ = {
			isa = XCBuildConfiguration;
			baseConfigurationReference = 60AD8013964C502AD0A56F55 /* Pods-Flix.release.xcconfig */;
			buildSettings = {
				ASSETCATALOG_COMPILER_APPICON_NAME = AppIcon;
				ASSETCATALOG_COMPILER_GLOBAL_ACCENT_COLOR_NAME = AccentColor;
				CODE_SIGN_STYLE = Automatic;
				DEVELOPMENT_TEAM = 7PM79QRNK8;
				INFOPLIST_FILE = Flix/Info.plist;
				LD_RUNPATH_SEARCH_PATHS = (
					"$(inherited)",
					"@executable_path/Frameworks",
				);
				PRODUCT_BUNDLE_IDENTIFIER = "garcj041-icloud.com.Flix";
				PRODUCT_NAME = "$(TARGET_NAME)";
				SWIFT_VERSION = 5.0;
				TARGETED_DEVICE_FAMILY = "1,2";
			};
			name = Release;
		};
		CBFFC075251AC0D100E2CA30 /* Debug */ = {
			isa = XCBuildConfiguration;
			baseConfigurationReference = 876DECFB2748EC9496C52E60 /* Pods-FlixTests.debug.xcconfig */;
			buildSettings = {
				ALWAYS_EMBED_SWIFT_STANDARD_LIBRARIES = YES;
				BUNDLE_LOADER = "$(TEST_HOST)";
				CODE_SIGN_STYLE = Automatic;
				DEVELOPMENT_TEAM = 7PM79QRNK8;
				INFOPLIST_FILE = FlixTests/Info.plist;
				IPHONEOS_DEPLOYMENT_TARGET = 14.0;
				LD_RUNPATH_SEARCH_PATHS = (
					"$(inherited)",
					"@executable_path/Frameworks",
					"@loader_path/Frameworks",
				);
				PRODUCT_BUNDLE_IDENTIFIER = "garcj041-icloud.com.FlixTests";
				PRODUCT_NAME = "$(TARGET_NAME)";
				SWIFT_VERSION = 5.0;
				TARGETED_DEVICE_FAMILY = "1,2";
				TEST_HOST = "$(BUILT_PRODUCTS_DIR)/Flix.app/Flix";
			};
			name = Debug;
		};
		CBFFC076251AC0D100E2CA30 /* Release */ = {
			isa = XCBuildConfiguration;
			baseConfigurationReference = 1EEAA22C1FB4A64D7B9CFA3E /* Pods-FlixTests.release.xcconfig */;
			buildSettings = {
				ALWAYS_EMBED_SWIFT_STANDARD_LIBRARIES = YES;
				BUNDLE_LOADER = "$(TEST_HOST)";
				CODE_SIGN_STYLE = Automatic;
				DEVELOPMENT_TEAM = 7PM79QRNK8;
				INFOPLIST_FILE = FlixTests/Info.plist;
				IPHONEOS_DEPLOYMENT_TARGET = 14.0;
				LD_RUNPATH_SEARCH_PATHS = (
					"$(inherited)",
					"@executable_path/Frameworks",
					"@loader_path/Frameworks",
				);
				PRODUCT_BUNDLE_IDENTIFIER = "garcj041-icloud.com.FlixTests";
				PRODUCT_NAME = "$(TARGET_NAME)";
				SWIFT_VERSION = 5.0;
				TARGETED_DEVICE_FAMILY = "1,2";
				TEST_HOST = "$(BUILT_PRODUCTS_DIR)/Flix.app/Flix";
			};
			name = Release;
		};
		CBFFC078251AC0D100E2CA30 /* Debug */ = {
			isa = XCBuildConfiguration;
			baseConfigurationReference = 146CBF29CAC29F111682CE17 /* Pods-Flix-FlixUITests.debug.xcconfig */;
			buildSettings = {
				ALWAYS_EMBED_SWIFT_STANDARD_LIBRARIES = YES;
				CODE_SIGN_STYLE = Automatic;
				DEVELOPMENT_TEAM = 7PM79QRNK8;
				INFOPLIST_FILE = FlixUITests/Info.plist;
				LD_RUNPATH_SEARCH_PATHS = (
					"$(inherited)",
					"@executable_path/Frameworks",
					"@loader_path/Frameworks",
				);
				PRODUCT_BUNDLE_IDENTIFIER = "garcj041-icloud.com.FlixUITests";
				PRODUCT_NAME = "$(TARGET_NAME)";
				SWIFT_VERSION = 5.0;
				TARGETED_DEVICE_FAMILY = "1,2";
				TEST_TARGET_NAME = Flix;
			};
			name = Debug;
		};
		CBFFC079251AC0D100E2CA30 /* Release */ = {
			isa = XCBuildConfiguration;
			baseConfigurationReference = 7ACA7DADCF546D32E8A64B20 /* Pods-Flix-FlixUITests.release.xcconfig */;
			buildSettings = {
				ALWAYS_EMBED_SWIFT_STANDARD_LIBRARIES = YES;
				CODE_SIGN_STYLE = Automatic;
				DEVELOPMENT_TEAM = 7PM79QRNK8;
				INFOPLIST_FILE = FlixUITests/Info.plist;
				LD_RUNPATH_SEARCH_PATHS = (
					"$(inherited)",
					"@executable_path/Frameworks",
					"@loader_path/Frameworks",
				);
				PRODUCT_BUNDLE_IDENTIFIER = "garcj041-icloud.com.FlixUITests";
				PRODUCT_NAME = "$(TARGET_NAME)";
				SWIFT_VERSION = 5.0;
				TARGETED_DEVICE_FAMILY = "1,2";
				TEST_TARGET_NAME = Flix;
			};
			name = Release;
		};
/* End XCBuildConfiguration section */

/* Begin XCConfigurationList section */
		CBFFC042251AC0CD00E2CA30 /* Build configuration list for PBXProject "Flix" */ = {
			isa = XCConfigurationList;
			buildConfigurations = (
				CBFFC06F251AC0D100E2CA30 /* Debug */,
				CBFFC070251AC0D100E2CA30 /* Release */,
			);
			defaultConfigurationIsVisible = 0;
			defaultConfigurationName = Release;
		};
		CBFFC071251AC0D100E2CA30 /* Build configuration list for PBXNativeTarget "Flix" */ = {
			isa = XCConfigurationList;
			buildConfigurations = (
				CBFFC072251AC0D100E2CA30 /* Debug */,
				CBFFC073251AC0D100E2CA30 /* Release */,
			);
			defaultConfigurationIsVisible = 0;
			defaultConfigurationName = Release;
		};
		CBFFC074251AC0D100E2CA30 /* Build configuration list for PBXNativeTarget "FlixTests" */ = {
			isa = XCConfigurationList;
			buildConfigurations = (
				CBFFC075251AC0D100E2CA30 /* Debug */,
				CBFFC076251AC0D100E2CA30 /* Release */,
			);
			defaultConfigurationIsVisible = 0;
			defaultConfigurationName = Release;
		};
		CBFFC077251AC0D100E2CA30 /* Build configuration list for PBXNativeTarget "FlixUITests" */ = {
			isa = XCConfigurationList;
			buildConfigurations = (
				CBFFC078251AC0D100E2CA30 /* Debug */,
				CBFFC079251AC0D100E2CA30 /* Release */,
			);
			defaultConfigurationIsVisible = 0;
			defaultConfigurationName = Release;
		};
/* End XCConfigurationList section */
	};
	rootObject = CBFFC03F251AC0CD00E2CA30 /* Project object */;
}
